// !$*UTF8*$!
{
	archiveVersion = 1;
	classes = {
	};
	objectVersion = 56;
	objects = {

/* Begin PBXBuildFile section */
		DB05078F2A2750F000CB39FF /* ProgressTrackerApp.swift in Sources */ = {isa = PBXBuildFile; fileRef = DB05078E2A2750F000CB39FF /* ProgressTrackerApp.swift */; };
		DB0507912A2750F000CB39FF /* ContentView.swift in Sources */ = {isa = PBXBuildFile; fileRef = DB0507902A2750F000CB39FF /* ContentView.swift */; };
		DB0507932A2750F200CB39FF /* Assets.xcassets in Resources */ = {isa = PBXBuildFile; fileRef = DB0507922A2750F200CB39FF /* Assets.xcassets */; };
		DB0507962A2750F200CB39FF /* Preview Assets.xcassets in Resources */ = {isa = PBXBuildFile; fileRef = DB0507952A2750F200CB39FF /* Preview Assets.xcassets */; };
		DB05079F2A275BF300CB39FF /* HomeView.swift in Sources */ = {isa = PBXBuildFile; fileRef = DB05079E2A275BF300CB39FF /* HomeView.swift */; };
		DB0507A12A289B9200CB39FF /* RecordsView.swift in Sources */ = {isa = PBXBuildFile; fileRef = DB0507A02A289B9200CB39FF /* RecordsView.swift */; };
		DB0507A42A28AC2200CB39FF /* ProgressTracker.xcdatamodeld in Sources */ = {isa = PBXBuildFile; fileRef = DB0507A22A28AC2200CB39FF /* ProgressTracker.xcdatamodeld */; };
		DB0507A62A28AC5900CB39FF /* DataController.swift in Sources */ = {isa = PBXBuildFile; fileRef = DB0507A52A28AC5900CB39FF /* DataController.swift */; };
/* End PBXBuildFile section */

/* Begin PBXFileReference section */
		DB05078B2A2750F000CB39FF /* ProgressTracker.app */ = {isa = PBXFileReference; explicitFileType = wrapper.application; includeInIndex = 0; path = ProgressTracker.app; sourceTree = BUILT_PRODUCTS_DIR; };
		DB05078E2A2750F000CB39FF /* ProgressTrackerApp.swift */ = {isa = PBXFileReference; lastKnownFileType = sourcecode.swift; path = ProgressTrackerApp.swift; sourceTree = "<group>"; };
		DB0507902A2750F000CB39FF /* ContentView.swift */ = {isa = PBXFileReference; lastKnownFileType = sourcecode.swift; path = ContentView.swift; sourceTree = "<group>"; };
		DB0507922A2750F200CB39FF /* Assets.xcassets */ = {isa = PBXFileReference; lastKnownFileType = folder.assetcatalog; path = Assets.xcassets; sourceTree = "<group>"; };
		DB0507952A2750F200CB39FF /* Preview Assets.xcassets */ = {isa = PBXFileReference; lastKnownFileType = folder.assetcatalog; path = "Preview Assets.xcassets"; sourceTree = "<group>"; };
		DB05079E2A275BF300CB39FF /* HomeView.swift */ = {isa = PBXFileReference; lastKnownFileType = sourcecode.swift; path = HomeView.swift; sourceTree = "<group>"; };
		DB0507A02A289B9200CB39FF /* RecordsView.swift */ = {isa = PBXFileReference; lastKnownFileType = sourcecode.swift; path = RecordsView.swift; sourceTree = "<group>"; };
		DB0507A32A28AC2200CB39FF /* ProgressTrackerModel.xcdatamodel */ = {isa = PBXFileReference; lastKnownFileType = wrapper.xcdatamodel; path = ProgressTrackerModel.xcdatamodel; sourceTree = "<group>"; };
		DB0507A52A28AC5900CB39FF /* DataController.swift */ = {isa = PBXFileReference; lastKnownFileType = sourcecode.swift; path = DataController.swift; sourceTree = "<group>"; };
/* End PBXFileReference section */

/* Begin PBXFrameworksBuildPhase section */
		DB0507882A2750F000CB39FF /* Frameworks */ = {
			isa = PBXFrameworksBuildPhase;
			buildActionMask = 2147483647;
			files = (
			);
			runOnlyForDeploymentPostprocessing = 0;
		};
/* End PBXFrameworksBuildPhase section */

/* Begin PBXGroup section */
		DB0507822A2750F000CB39FF = {
			isa = PBXGroup;
			children = (
				DB05078D2A2750F000CB39FF /* ProgressTracker */,
				DB05078C2A2750F000CB39FF /* Products */,
			);
			sourceTree = "<group>";
		};
		DB05078C2A2750F000CB39FF /* Products */ = {
			isa = PBXGroup;
			children = (
				DB05078B2A2750F000CB39FF /* ProgressTracker.app */,
			);
			name = Products;
			sourceTree = "<group>";
		};
		DB05078D2A2750F000CB39FF /* ProgressTracker */ = {
			isa = PBXGroup;
			children = (
				DB05078E2A2750F000CB39FF /* ProgressTrackerApp.swift */,
				DB0507902A2750F000CB39FF /* ContentView.swift */,
				DB05079E2A275BF300CB39FF /* HomeView.swift */,
				DB0507A02A289B9200CB39FF /* RecordsView.swift */,
				DB0507A22A28AC2200CB39FF /* ProgressTracker.xcdatamodeld */,
				DB0507A52A28AC5900CB39FF /* DataController.swift */,
				DB0507922A2750F200CB39FF /* Assets.xcassets */,
				DB0507942A2750F200CB39FF /* Preview Content */,
			);
			path = ProgressTracker;
			sourceTree = "<group>";
		};
		DB0507942A2750F200CB39FF /* Preview Content */ = {
			isa = PBXGroup;
			children = (
				DB0507952A2750F200CB39FF /* Preview Assets.xcassets */,
			);
			path = "Preview Content";
			sourceTree = "<group>";
		};
/* End PBXGroup section */

/* Begin PBXNativeTarget section */
		DB05078A2A2750F000CB39FF /* ProgressTracker */ = {
			isa = PBXNativeTarget;
			buildConfigurationList = DB0507992A2750F200CB39FF /* Build configuration list for PBXNativeTarget "ProgressTracker" */;
			buildPhases = (
				DB0507872A2750F000CB39FF /* Sources */,
				DB0507882A2750F000CB39FF /* Frameworks */,
				DB0507892A2750F000CB39FF /* Resources */,
			);
			buildRules = (
			);
			dependencies = (
			);
			name = ProgressTracker;
			productName = ProgressTracker;
			productReference = DB05078B2A2750F000CB39FF /* ProgressTracker.app */;
			productType = "com.apple.product-type.application";
		};
/* End PBXNativeTarget section */

/* Begin PBXProject section */
		DB0507832A2750F000CB39FF /* Project object */ = {
			isa = PBXProject;
			attributes = {
				BuildIndependentTargetsInParallel = 1;
				LastSwiftUpdateCheck = 1420;
				LastUpgradeCheck = 1420;
				TargetAttributes = {
					DB05078A2A2750F000CB39FF = {
						CreatedOnToolsVersion = 14.2;
					};
				};
			};
			buildConfigurationList = DB0507862A2750F000CB39FF /* Build configuration list for PBXProject "ProgressTracker" */;
			compatibilityVersion = "Xcode 14.0";
			developmentRegion = en;
			hasScannedForEncodings = 0;
			knownRegions = (
				en,
				Base,
			);
			mainGroup = DB0507822A2750F000CB39FF;
			productRefGroup = DB05078C2A2750F000CB39FF /* Products */;
			projectDirPath = "";
			projectRoot = "";
			targets = (
				DB05078A2A2750F000CB39FF /* ProgressTracker */,
			);
		};
/* End PBXProject section */

/* Begin PBXResourcesBuildPhase section */
		DB0507892A2750F000CB39FF /* Resources */ = {
			isa = PBXResourcesBuildPhase;
			buildActionMask = 2147483647;
			files = (
				DB0507962A2750F200CB39FF /* Preview Assets.xcassets in Resources */,
				DB0507932A2750F200CB39FF /* Assets.xcassets in Resources */,
			);
			runOnlyForDeploymentPostprocessing = 0;
		};
/* End PBXResourcesBuildPhase section */

/* Begin PBXSourcesBuildPhase section */
		DB0507872A2750F000CB39FF /* Sources */ = {
			isa = PBXSourcesBuildPhase;
			buildActionMask = 2147483647;
			files = (
				DB05079F2A275BF300CB39FF /* HomeView.swift in Sources */,
				DB0507A62A28AC5900CB39FF /* DataController.swift in Sources */,
				DB0507A12A289B9200CB39FF /* RecordsView.swift in Sources */,
				DB0507A42A28AC2200CB39FF /* ProgressTracker.xcdatamodeld in Sources */,
				DB0507912A2750F000CB39FF /* ContentView.swift in Sources */,
				DB05078F2A2750F000CB39FF /* ProgressTrackerApp.swift in Sources */,
			);
			runOnlyForDeploymentPostprocessing = 0;
		};
/* End PBXSourcesBuildPhase section */

/* Begin XCBuildConfiguration section */
		DB0507972A2750F200CB39FF /* Debug */ = {
			isa = XCBuildConfiguration;
			buildSettings = {
				ALWAYS_SEARCH_USER_PATHS = NO;
				CLANG_ANALYZER_NONNULL = YES;
				CLANG_ANALYZER_NUMBER_OBJECT_CONVERSION = YES_AGGRESSIVE;
				CLANG_CXX_LANGUAGE_STANDARD = "gnu++20";
				CLANG_ENABLE_MODULES = YES;
				CLANG_ENABLE_OBJC_ARC = YES;
				CLANG_ENABLE_OBJC_WEAK = YES;
				CLANG_WARN_BLOCK_CAPTURE_AUTORELEASING = YES;
				CLANG_WARN_BOOL_CONVERSION = YES;
				CLANG_WARN_COMMA = YES;
				CLANG_WARN_CONSTANT_CONVERSION = YES;
				CLANG_WARN_DEPRECATED_OBJC_IMPLEMENTATIONS = YES;
				CLANG_WARN_DIRECT_OBJC_ISA_USAGE = YES_ERROR;
				CLANG_WARN_DOCUMENTATION_COMMENTS = YES;
				CLANG_WARN_EMPTY_BODY = YES;
				CLANG_WARN_ENUM_CONVERSION = YES;
				CLANG_WARN_INFINITE_RECURSION = YES;
				CLANG_WARN_INT_CONVERSION = YES;
				CLANG_WARN_NON_LITERAL_NULL_CONVERSION = YES;
				CLANG_WARN_OBJC_IMPLICIT_RETAIN_SELF = YES;
				CLANG_WARN_OBJC_LITERAL_CONVERSION = YES;
				CLANG_WARN_OBJC_ROOT_CLASS = YES_ERROR;
				CLANG_WARN_QUOTED_INCLUDE_IN_FRAMEWORK_HEADER = YES;
				CLANG_WARN_RANGE_LOOP_ANALYSIS = YES;
				CLANG_WARN_STRICT_PROTOTYPES = YES;
				CLANG_WARN_SUSPICIOUS_MOVE = YES;
				CLANG_WARN_UNGUARDED_AVAILABILITY = YES_AGGRESSIVE;
				CLANG_WARN_UNREACHABLE_CODE = YES;
				CLANG_WARN__DUPLICATE_METHOD_MATCH = YES;
				COPY_PHASE_STRIP = NO;
				DEBUG_INFORMATION_FORMAT = dwarf;
				ENABLE_STRICT_OBJC_MSGSEND = YES;
				ENABLE_TESTABILITY = YES;
				GCC_C_LANGUAGE_STANDARD = gnu11;
				GCC_DYNAMIC_NO_PIC = NO;
				GCC_NO_COMMON_BLOCKS = YES;
				GCC_OPTIMIZATION_LEVEL = 0;
				GCC_PREPROCESSOR_DEFINITIONS = (
					"DEBUG=1",
					"$(inherited)",
				);
				GCC_WARN_64_TO_32_BIT_CONVERSION = YES;
				GCC_WARN_ABOUT_RETURN_TYPE = YES_ERROR;
				GCC_WARN_UNDECLARED_SELECTOR = YES;
				GCC_WARN_UNINITIALIZED_AUTOS = YES_AGGRESSIVE;
				GCC_WARN_UNUSED_FUNCTION = YES;
				GCC_WARN_UNUSED_VARIABLE = YES;
				IPHONEOS_DEPLOYMENT_TARGET = 16.2;
				MTL_ENABLE_DEBUG_INFO = INCLUDE_SOURCE;
				MTL_FAST_MATH = YES;
				ONLY_ACTIVE_ARCH = YES;
				SDKROOT = iphoneos;
				SWIFT_ACTIVE_COMPILATION_CONDITIONS = DEBUG;
				SWIFT_OPTIMIZATION_LEVEL = "-Onone";
			};
			name = Debug;
		};
		DB0507982A2750F200CB39FF /* Release */ = {
			isa = XCBuildConfiguration;
			buildSettings = {
				ALWAYS_SEARCH_USER_PATHS = NO;
				CLANG_ANALYZER_NONNULL = YES;
				CLANG_ANALYZER_NUMBER_OBJECT_CONVERSION = YES_AGGRESSIVE;
				CLANG_CXX_LANGUAGE_STANDARD = "gnu++20";
				CLANG_ENABLE_MODULES = YES;
				CLANG_ENABLE_OBJC_ARC = YES;
				CLANG_ENABLE_OBJC_WEAK = YES;
				CLANG_WARN_BLOCK_CAPTURE_AUTORELEASING = YES;
				CLANG_WARN_BOOL_CONVERSION = YES;
				CLANG_WARN_COMMA = YES;
				CLANG_WARN_CONSTANT_CONVERSION = YES;
				CLANG_WARN_DEPRECATED_OBJC_IMPLEMENTATIONS = YES;
				CLANG_WARN_DIRECT_OBJC_ISA_USAGE = YES_ERROR;
				CLANG_WARN_DOCUMENTATION_COMMENTS = YES;
				CLANG_WARN_EMPTY_BODY = YES;
				CLANG_WARN_ENUM_CONVERSION = YES;
				CLANG_WARN_INFINITE_RECURSION = YES;
				CLANG_WARN_INT_CONVERSION = YES;
				CLANG_WARN_NON_LITERAL_NULL_CONVERSION = YES;
				CLANG_WARN_OBJC_IMPLICIT_RETAIN_SELF = YES;
				CLANG_WARN_OBJC_LITERAL_CONVERSION = YES;
				CLANG_WARN_OBJC_ROOT_CLASS = YES_ERROR;
				CLANG_WARN_QUOTED_INCLUDE_IN_FRAMEWORK_HEADER = YES;
				CLANG_WARN_RANGE_LOOP_ANALYSIS = YES;
				CLANG_WARN_STRICT_PROTOTYPES = YES;
				CLANG_WARN_SUSPICIOUS_MOVE = YES;
				CLANG_WARN_UNGUARDED_AVAILABILITY = YES_AGGRESSIVE;
				CLANG_WARN_UNREACHABLE_CODE = YES;
				CLANG_WARN__DUPLICATE_METHOD_MATCH = YES;
				COPY_PHASE_STRIP = NO;
				DEBUG_INFORMATION_FORMAT = "dwarf-with-dsym";
				ENABLE_NS_ASSERTIONS = NO;
				ENABLE_STRICT_OBJC_MSGSEND = YES;
				GCC_C_LANGUAGE_STANDARD = gnu11;
				GCC_NO_COMMON_BLOCKS = YES;
				GCC_WARN_64_TO_32_BIT_CONVERSION = YES;
				GCC_WARN_ABOUT_RETURN_TYPE = YES_ERROR;
				GCC_WARN_UNDECLARED_SELECTOR = YES;
				GCC_WARN_UNINITIALIZED_AUTOS = YES_AGGRESSIVE;
				GCC_WARN_UNUSED_FUNCTION = YES;
				GCC_WARN_UNUSED_VARIABLE = YES;
				IPHONEOS_DEPLOYMENT_TARGET = 16.2;
				MTL_ENABLE_DEBUG_INFO = NO;
				MTL_FAST_MATH = YES;
				SDKROOT = iphoneos;
				SWIFT_COMPILATION_MODE = wholemodule;
				SWIFT_OPTIMIZATION_LEVEL = "-O";
				VALIDATE_PRODUCT = YES;
			};
			name = Release;
		};
		DB05079A2A2750F200CB39FF /* Debug */ = {
			isa = XCBuildConfiguration;
			buildSettings = {
				ASSETCATALOG_COMPILER_APPICON_NAME = AppIcon;
				ASSETCATALOG_COMPILER_GLOBAL_ACCENT_COLOR_NAME = AccentColor;
				CODE_SIGN_STYLE = Automatic;
				CURRENT_PROJECT_VERSION = 1;
				DEVELOPMENT_ASSET_PATHS = "\"ProgressTracker/Preview Content\"";
				DEVELOPMENT_TEAM = 6X564892ZY;
				ENABLE_PREVIEWS = YES;
				GENERATE_INFOPLIST_FILE = YES;
				INFOPLIST_KEY_UIApplicationSceneManifest_Generation = YES;
				INFOPLIST_KEY_UIApplicationSupportsIndirectInputEvents = YES;
				INFOPLIST_KEY_UILaunchScreen_Generation = YES;
				INFOPLIST_KEY_UISupportedInterfaceOrientations_iPad = "UIInterfaceOrientationPortrait UIInterfaceOrientationPortraitUpsideDown UIInterfaceOrientationLandscapeLeft UIInterfaceOrientationLandscapeRight";
				INFOPLIST_KEY_UISupportedInterfaceOrientations_iPhone = "UIInterfaceOrientationPortrait UIInterfaceOrientationLandscapeLeft UIInterfaceOrientationLandscapeRight";
				LD_RUNPATH_SEARCH_PATHS = (
					"$(inherited)",
					"@executable_path/Frameworks",
				);
				MARKETING_VERSION = 1.0;
				PRODUCT_BUNDLE_IDENTIFIER = com.example.ProgressTracker;
				PRODUCT_NAME = "$(TARGET_NAME)";
				SWIFT_EMIT_LOC_STRINGS = YES;
				SWIFT_VERSION = 5.0;
				TARGETED_DEVICE_FAMILY = "1,2";
			};
			name = Debug;
		};
		DB05079B2A2750F200CB39FF /* Release */ = {
			isa = XCBuildConfiguration;
			buildSettings = {
				ASSETCATALOG_COMPILER_APPICON_NAME = AppIcon;
				ASSETCATALOG_COMPILER_GLOBAL_ACCENT_COLOR_NAME = AccentColor;
				CODE_SIGN_STYLE = Automatic;
				CURRENT_PROJECT_VERSION = 1;
				DEVELOPMENT_ASSET_PATHS = "\"ProgressTracker/Preview Content\"";
				DEVELOPMENT_TEAM = 6X564892ZY;
				ENABLE_PREVIEWS = YES;
				GENERATE_INFOPLIST_FILE = YES;
				INFOPLIST_KEY_UIApplicationSceneManifest_Generation = YES;
				INFOPLIST_KEY_UIApplicationSupportsIndirectInputEvents = YES;
				INFOPLIST_KEY_UILaunchScreen_Generation = YES;
				INFOPLIST_KEY_UISupportedInterfaceOrientations_iPad = "UIInterfaceOrientationPortrait UIInterfaceOrientationPortraitUpsideDown UIInterfaceOrientationLandscapeLeft UIInterfaceOrientationLandscapeRight";
				INFOPLIST_KEY_UISupportedInterfaceOrientations_iPhone = "UIInterfaceOrientationPortrait UIInterfaceOrientationLandscapeLeft UIInterfaceOrientationLandscapeRight";
				LD_RUNPATH_SEARCH_PATHS = (
					"$(inherited)",
					"@executable_path/Frameworks",
				);
				MARKETING_VERSION = 1.0;
				PRODUCT_BUNDLE_IDENTIFIER = com.example.ProgressTracker;
				PRODUCT_NAME = "$(TARGET_NAME)";
				SWIFT_EMIT_LOC_STRINGS = YES;
				SWIFT_VERSION = 5.0;
				TARGETED_DEVICE_FAMILY = "1,2";
			};
			name = Release;
		};
/* End XCBuildConfiguration section */

/* Begin XCConfigurationList section */
		DB0507862A2750F000CB39FF /* Build configuration list for PBXProject "ProgressTracker" */ = {
			isa = XCConfigurationList;
			buildConfigurations = (
				DB0507972A2750F200CB39FF /* Debug */,
				DB0507982A2750F200CB39FF /* Release */,
			);
			defaultConfigurationIsVisible = 0;
			defaultConfigurationName = Release;
		};
		DB0507992A2750F200CB39FF /* Build configuration list for PBXNativeTarget "ProgressTracker" */ = {
			isa = XCConfigurationList;
			buildConfigurations = (
				DB05079A2A2750F200CB39FF /* Debug */,
				DB05079B2A2750F200CB39FF /* Release */,
			);
			defaultConfigurationIsVisible = 0;
			defaultConfigurationName = Release;
		};
/* End XCConfigurationList section */

/* Begin XCVersionGroup section */
		DB0507A22A28AC2200CB39FF /* ProgressTracker.xcdatamodeld */ = {
			isa = XCVersionGroup;
			children = (
				DB0507A32A28AC2200CB39FF /* ProgressTrackerModel.xcdatamodel */,
			);
			currentVersion = DB0507A32A28AC2200CB39FF /* ProgressTrackerModel.xcdatamodel */;
			path = ProgressTracker.xcdatamodeld;
			sourceTree = "<group>";
			versionGroupType = wrapper.xcdatamodel;
		};
/* End XCVersionGroup section */
	};
	rootObject = DB0507832A2750F000CB39FF /* Project object */;
}
